
Microsoft Visual Studio Solution File, Format Version 12.00
# Visual Studio 15
VisualStudioVersion = 15.0.26730.12
MinimumVisualStudioVersion = 10.0.40219.1
Project("{8BC9CEB8-8B4A-11D0-8D11-00A0C91BC942}") = "Задача 1", "Задача 1.vcxproj", "{EF58B2E8-E650-4E24-9B0E-82EF85B74387}"
EndProject
Project("{8BC9CEB8-8B4A-11D0-8D11-00A0C91BC942}") = "Задача 2", "..\Задача 2\Задача 2\Задача 2.vcxproj", "{AE8F23AE-4D90-4A6F-8F2B-8E8E6014C925}"
EndProject
Project("{8BC9CEB8-8B4A-11D0-8D11-00A0C91BC942}") = "Задача 3", "..\..\Задача 3\Задача 3\Задача 3.vcxproj", "{87E94EE7-38D0-42DB-8E42-816F2D013C9C}"
EndProject
Project("{8BC9CEB8-8B4A-11D0-8D11-00A0C91BC942}") = "Задача 4", "..\..\Задача 4\Задача 4\Задача 4.vcxproj", "{AF1E93C9-9F4E-4FEF-8670-403A0207449F}"
EndProject
Global
	GlobalSection(SolutionConfigurationPlatforms) = preSolution
		Debug|x64 = Debug|x64
		Debug|x86 = Debug|x86
		Release|x64 = Release|x64
		Release|x86 = Release|x86
	EndGlobalSection
	GlobalSection(ProjectConfigurationPlatforms) = postSolution
		{EF58B2E8-E650-4E24-9B0E-82EF85B74387}.Debug|x64.ActiveCfg = Debug|x64
		{EF58B2E8-E650-4E24-9B0E-82EF85B74387}.Debug|x64.Build.0 = Debug|x64
		{EF58B2E8-E650-4E24-9B0E-82EF85B74387}.Debug|x86.ActiveCfg = Debug|Win32
		{EF58B2E8-E650-4E24-9B0E-82EF85B74387}.Debug|x86.Build.0 = Debug|Win32
		{EF58B2E8-E650-4E24-9B0E-82EF85B74387}.Release|x64.ActiveCfg = Release|x64
		{EF58B2E8-E650-4E24-9B0E-82EF85B74387}.Release|x64.Build.0 = Release|x64
		{EF58B2E8-E650-4E24-9B0E-82EF85B74387}.Release|x86.ActiveCfg = Release|Win32
		{EF58B2E8-E650-4E24-9B0E-82EF85B74387}.Release|x86.Build.0 = Release|Win32
		{AE8F23AE-4D90-4A6F-8F2B-8E8E6014C925}.Debug|x64.ActiveCfg = Debug|x64
		{AE8F23AE-4D90-4A6F-8F2B-8E8E6014C925}.Debug|x64.Build.0 = Debug|x64
		{AE8F23AE-4D90-4A6F-8F2B-8E8E6014C925}.Debug|x86.ActiveCfg = Debug|Win32
		{AE8F23AE-4D90-4A6F-8F2B-8E8E6014C925}.Debug|x86.Build.0 = Debug|Win32
		{AE8F23AE-4D90-4A6F-8F2B-8E8E6014C925}.Release|x64.ActiveCfg = Release|x64
		{AE8F23AE-4D90-4A6F-8F2B-8E8E6014C925}.Release|x64.Build.0 = Release|x64
		{AE8F23AE-4D90-4A6F-8F2B-8E8E6014C925}.Release|x86.ActiveCfg = Release|Win32
		{AE8F23AE-4D90-4A6F-8F2B-8E8E6014C925}.Release|x86.Build.0 = Release|Win32
		{87E94EE7-38D0-42DB-8E42-816F2D013C9C}.Debug|x64.ActiveCfg = Debug|x64
		{87E94EE7-38D0-42DB-8E42-816F2D013C9C}.Debug|x64.Build.0 = Debug|x64
		{87E94EE7-38D0-42DB-8E42-816F2D013C9C}.Debug|x86.ActiveCfg = Debug|Win32
		{87E94EE7-38D0-42DB-8E42-816F2D013C9C}.Debug|x86.Build.0 = Debug|Win32
		{87E94EE7-38D0-42DB-8E42-816F2D013C9C}.Release|x64.ActiveCfg = Release|x64
		{87E94EE7-38D0-42DB-8E42-816F2D013C9C}.Release|x64.Build.0 = Release|x64
		{87E94EE7-38D0-42DB-8E42-816F2D013C9C}.Release|x86.ActiveCfg = Release|Win32
		{87E94EE7-38D0-42DB-8E42-816F2D013C9C}.Release|x86.Build.0 = Release|Win32
		{AF1E93C9-9F4E-4FEF-8670-403A0207449F}.Debug|x64.ActiveCfg = Debug|x64
		{AF1E93C9-9F4E-4FEF-8670-403A0207449F}.Debug|x64.Build.0 = Debug|x64
		{AF1E93C9-9F4E-4FEF-8670-403A0207449F}.Debug|x86.ActiveCfg = Debug|Win32
		{AF1E93C9-9F4E-4FEF-8670-403A0207449F}.Debug|x86.Build.0 = Debug|Win32
		{AF1E93C9-9F4E-4FEF-8670-403A0207449F}.Release|x64.ActiveCfg = Release|x64
		{AF1E93C9-9F4E-4FEF-8670-403A0207449F}.Release|x64.Build.0 = Release|x64
		{AF1E93C9-9F4E-4FEF-8670-403A0207449F}.Release|x86.ActiveCfg = Release|Win32
		{AF1E93C9-9F4E-4FEF-8670-403A0207449F}.Release|x86.Build.0 = Release|Win32
	EndGlobalSection
	GlobalSection(SolutionProperties) = preSolution
		HideSolutionNode = FALSE
	EndGlobalSection
	GlobalSection(ExtensibilityGlobals) = postSolution
		SolutionGuid = {4373F634-5956-4B98-8B7B-532561DF03A1}
	EndGlobalSection
EndGlobal
