
Microsoft Visual Studio Solution File, Format Version 12.00
# Visual Studio 15
VisualStudioVersion = 15.0.27130.2020
MinimumVisualStudioVersion = 10.0.40219.1
Project("{8BC9CEB8-8B4A-11D0-8D11-00A0C91BC942}") = "ЛР6", "ЛР6.vcxproj", "{6FDD9A35-5EAF-4D47-9EE0-F788F689AE16}"
EndProject
Global
	GlobalSection(SolutionConfigurationPlatforms) = preSolution
		Debug|x64 = Debug|x64
		Debug|x86 = Debug|x86
		Release|x64 = Release|x64
		Release|x86 = Release|x86
	EndGlobalSection
	GlobalSection(ProjectConfigurationPlatforms) = postSolution
		{6FDD9A35-5EAF-4D47-9EE0-F788F689AE16}.Debug|x64.ActiveCfg = Debug|x64
		{6FDD9A35-5EAF-4D47-9EE0-F788F689AE16}.Debug|x64.Build.0 = Debug|x64
		{6FDD9A35-5EAF-4D47-9EE0-F788F689AE16}.Debug|x86.ActiveCfg = Debug|Win32
		{6FDD9A35-5EAF-4D47-9EE0-F788F689AE16}.Debug|x86.Build.0 = Debug|Win32
		{6FDD9A35-5EAF-4D47-9EE0-F788F689AE16}.Release|x64.ActiveCfg = Release|x64
		{6FDD9A35-5EAF-4D47-9EE0-F788F689AE16}.Release|x64.Build.0 = Release|x64
		{6FDD9A35-5EAF-4D47-9EE0-F788F689AE16}.Release|x86.ActiveCfg = Release|Win32
		{6FDD9A35-5EAF-4D47-9EE0-F788F689AE16}.Release|x86.Build.0 = Release|Win32
	EndGlobalSection
	GlobalSection(SolutionProperties) = preSolution
		HideSolutionNode = FALSE
	EndGlobalSection
	GlobalSection(ExtensibilityGlobals) = postSolution
		SolutionGuid = {6A8C3B0C-FB8B-433C-9F24-79B162EB5C3E}
	EndGlobalSection
EndGlobal
