
Microsoft Visual Studio Solution File, Format Version 12.00
# Visual Studio 15
VisualStudioVersion = 15.0.26730.12
MinimumVisualStudioVersion = 10.0.40219.1
Project("{8BC9CEB8-8B4A-11D0-8D11-00A0C91BC942}") = "Проект1", "Проект1.vcxproj", "{E1503766-8D0A-45DE-BBB0-4D8104E20990}"
EndProject
Global
	GlobalSection(SolutionConfigurationPlatforms) = preSolution
		Debug|x64 = Debug|x64
		Debug|x86 = Debug|x86
		Release|x64 = Release|x64
		Release|x86 = Release|x86
	EndGlobalSection
	GlobalSection(ProjectConfigurationPlatforms) = postSolution
		{E1503766-8D0A-45DE-BBB0-4D8104E20990}.Debug|x64.ActiveCfg = Debug|x64
		{E1503766-8D0A-45DE-BBB0-4D8104E20990}.Debug|x64.Build.0 = Debug|x64
		{E1503766-8D0A-45DE-BBB0-4D8104E20990}.Debug|x86.ActiveCfg = Debug|Win32
		{E1503766-8D0A-45DE-BBB0-4D8104E20990}.Debug|x86.Build.0 = Debug|Win32
		{E1503766-8D0A-45DE-BBB0-4D8104E20990}.Release|x64.ActiveCfg = Release|x64
		{E1503766-8D0A-45DE-BBB0-4D8104E20990}.Release|x64.Build.0 = Release|x64
		{E1503766-8D0A-45DE-BBB0-4D8104E20990}.Release|x86.ActiveCfg = Release|Win32
		{E1503766-8D0A-45DE-BBB0-4D8104E20990}.Release|x86.Build.0 = Release|Win32
	EndGlobalSection
	GlobalSection(SolutionProperties) = preSolution
		HideSolutionNode = FALSE
	EndGlobalSection
	GlobalSection(ExtensibilityGlobals) = postSolution
		SolutionGuid = {39E964CA-917A-4AEF-8E2C-E4C30DB3393B}
	EndGlobalSection
EndGlobal
